{
  "requires": true,
  "lockfileVersion": 1,
  "dependencies": {
    "babylonjs": {
      "version": "3.3.0",
      "resolved": "https://registry.npmjs.org/babylonjs/-/babylonjs-3.3.0.tgz",
      "integrity": "sha512-3Gn9kAEPejJN4+HMKGAKbhsCsrysvaORqi07Bdr9Xmy3KRt/BxyGwepzfcqFIe8+94SWszPDeJC9peICfHdCKw=="
    },
    "babylonjs-gui": {
      "version": "3.3.0",
      "resolved": "https://registry.npmjs.org/babylonjs-gui/-/babylonjs-gui-3.3.0.tgz",
      "integrity": "sha512-tG5efQOgkDFj9mo1nnwzzSXuHBLxMKc/VZ1B/eGzIsSvdMUxhdEVRNiq4ves1jI4wX59Fdl4vwwra/v01XIMSg==",
      "requires": {
        "babylonjs": "3.3.0"
      }
    },
    "babylonjs-materials": {
      "version": "3.3.0",
      "resolved": "https://registry.npmjs.org/babylonjs-materials/-/babylonjs-materials-3.3.0.tgz",
      "integrity": "sha512-HGta8f93nYOZkwmOSaXHjhbORpuNevzzIRb11UYYMOYFCHRutONicVKMU4WgHMsQegzZP5NnpR5cS+cHJ1FBRQ==",
      "requires": {
        "babylonjs": "3.3.0"
      }
    },
    "dat.gui": {
      "version": "0.7.5",
      "resolved": "https://registry.npmjs.org/dat.gui/-/dat.gui-0.7.5.tgz",
      "integrity": "sha512-o6RnHVUHigLqH4DwsZCbFLAQw8NMWS3GP9EL4M4oOWj7E4qGIyVopyOWzyAwCwtuaiB27hq9F0qkHSNfjsp+ZQ=="
    }
  }
}
